
Microsoft Visual Studio Solution File, Format Version 12.00
# Visual Studio Version 16
VisualStudioVersion = 16.0.32407.337
MinimumVisualStudioVersion = 10.0.40219.1
Project("{FAE04EC0-301F-11D3-BF4B-00C04F79EFBC}") = "EmployeeApplication", "EmployeeApplication\EmployeeApplication.csproj", "{232C775B-BF99-4C43-9D45-FAED6693E76A}"
EndProject
Global
	GlobalSection(SolutionConfigurationPlatforms) = preSolution
		Debug|Any CPU = Debug|Any CPU
		Release|Any CPU = Release|Any CPU
	EndGlobalSection
	GlobalSection(ProjectConfigurationPlatforms) = postSolution
		{232C775B-BF99-4C43-9D45-FAED6693E76A}.Debug|Any CPU.ActiveCfg = Debug|Any CPU
		{232C775B-BF99-4C43-9D45-FAED6693E76A}.Debug|Any CPU.Build.0 = Debug|Any CPU
		{232C775B-BF99-4C43-9D45-FAED6693E76A}.Release|Any CPU.ActiveCfg = Release|Any CPU
		{232C775B-BF99-4C43-9D45-FAED6693E76A}.Release|Any CPU.Build.0 = Release|Any CPU
	EndGlobalSection
	GlobalSection(SolutionProperties) = preSolution
		HideSolutionNode = FALSE
	EndGlobalSection
	GlobalSection(ExtensibilityGlobals) = postSolution
		SolutionGuid = {D768502D-B14B-416B-8DC4-113B29F5B715}
	EndGlobalSection
EndGlobal
